{
  "lockfile_version": "1",
  "packages": {
    "act@latest": {
      "last_modified": "2025-12-31T03:27:36Z",
      "resolved": "github:NixOS/nixpkgs/f665af0cdb70ed27e1bd8f9fdfecaf451260fc55#act",
      "source": "devbox-search",
      "version": "0.2.83",
      "systems": {
        "aarch64-darwin": {
          "outputs": [
            {
              "name": "out",
              "path": "/nix/store/100rijghw705xzci5d24924mzjylkvqz-act-0.2.83",
              "default": true
            }
          ],
          "store_path": "/nix/store/100rijghw705xzci5d24924mzjylkvqz-act-0.2.83"
        },
        "aarch64-linux": {
          "outputs": [
            {
              "name": "out",
              "path": "/nix/store/qnc1152as0grck7vpvwjp77lkd7zs36c-act-0.2.83",
              "default": true
            }
          ],
          "store_path": "/nix/store/qnc1152as0grck7vpvwjp77lkd7zs36c-act-0.2.83"
        },
        "x86_64-darwin": {
          "outputs": [
            {
              "name": "out",
              "path": "/nix/store/dah54fk5kqzmiwpmlywdb0i3zhhi262v-act-0.2.83",
              "default": true
            }
          ],
          "store_path": "/nix/store/dah54fk5kqzmiwpmlywdb0i3zhhi262v-act-0.2.83"
        },
        "x86_64-linux": {
          "outputs": [
            {
              "name": "out",
              "path": "/nix/store/8xya4c6jb2qf9ia4w08imac0lx19i36s-act-0.2.83",
              "default": true
            }
          ],
          "store_path": "/nix/store/8xya4c6jb2qf9ia4w08imac0lx19i36s-act-0.2.83"
        }
      }
    },
    "civo@latest": {
      "last_modified": "2025-12-31T03:27:36Z",
      "resolved": "github:NixOS/nixpkgs/f665af0cdb70ed27e1bd8f9fdfecaf451260fc55#civo",
      "source": "devbox-search",
      "version": "1.4.7",
      "systems": {
        "aarch64-darwin": {
          "outputs": [
            {
              "name": "out",
              "path": "/nix/store/hfc326apajj1mpb4r8a85dpv0c6wpqlj-civo-1.4.7",
              "default": true
            }
          ],
          "store_path": "/nix/store/hfc326apajj1mpb4r8a85dpv0c6wpqlj-civo-1.4.7"
        },
        "aarch64-linux": {
          "outputs": [
            {
              "name": "out",
              "path": "/nix/store/66pg9zzd0l11k8zkgas4grv2hygs3dhr-civo-1.4.7",
              "default": true
            }
          ],
          "store_path": "/nix/store/66pg9zzd0l11k8zkgas4grv2hygs3dhr-civo-1.4.7"
        },
        "x86_64-darwin": {
          "outputs": [
            {
              "name": "out",
              "path": "/nix/store/zrkp2ngxjn83jwns0pmjp0ihwrh4lq2s-civo-1.4.7",
              "default": true
            }
          ],
          "store_path": "/nix/store/zrkp2ngxjn83jwns0pmjp0ihwrh4lq2s-civo-1.4.7"
        },
        "x86_64-linux": {
          "outputs": [
            {
              "name": "out",
              "path": "/nix/store/cplzgkxm8yj1yzcgwvaghcx5fxjl7ax1-civo-1.4.7",
              "default": true
            }
          ],
          "store_path": "/nix/store/cplzgkxm8yj1yzcgwvaghcx5fxjl7ax1-civo-1.4.7"
        }
      }
    },
    "gh@latest": {
      "last_modified": "2025-12-31T03:27:36Z",
      "resolved": "github:NixOS/nixpkgs/f665af0cdb70ed27e1bd8f9fdfecaf451260fc55#gh",
      "source": "devbox-search",
      "version": "2.83.2",
      "systems": {
        "aarch64-darwin": {
          "outputs": [
            {
              "name": "out",
              "path": "/nix/store/628v229i04rb1dflknh615bpydpcd3q1-gh-2.83.2",
              "default": true
            }
          ],
          "store_path": "/nix/store/628v229i04rb1dflknh615bpydpcd3q1-gh-2.83.2"
        },
        "aarch64-linux": {
          "outputs": [
            {
              "name": "out",
              "path": "/nix/store/ricbdm2m9538a3hbkavwrfdrvg021kb6-gh-2.83.2",
              "default": true
            }
          ],
          "store_path": "/nix/store/ricbdm2m9538a3hbkavwrfdrvg021kb6-gh-2.83.2"
        },
        "x86_64-darwin": {
          "outputs": [
            {
              "name": "out",
              "path": "/nix/store/5xf0w0i8sq5ym2yb4a4gjjpakffwf24r-gh-2.83.2",
              "default": true
            }
          ],
          "store_path": "/nix/store/5xf0w0i8sq5ym2yb4a4gjjpakffwf24r-gh-2.83.2"
        },
        "x86_64-linux": {
          "outputs": [
            {
              "name": "out",
              "path": "/nix/store/6yfpl0bpgivl0xzr1fvzdwzwv3q5r08k-gh-2.83.2",
              "default": true
            }
          ],
          "store_path": "/nix/store/6yfpl0bpgivl0xzr1fvzdwzwv3q5r08k-gh-2.83.2"
        }
      }
    },
    "git@latest": {
      "last_modified": "2025-12-31T03:27:36Z",
      "resolved": "github:NixOS/nixpkgs/f665af0cdb70ed27e1bd8f9fdfecaf451260fc55#git",
      "source": "devbox-search",
      "version": "2.52.0",
      "systems": {
        "aarch64-darwin": {
          "outputs": [
            {
              "name": "out",
              "path": "/nix/store/1xy62wrp3m91snd3cazxgg0yrplb6sav-git-2.52.0",
              "default": true
            },
            {
              "name": "doc",
              "path": "/nix/store/1518yqnr4z0p65jfv8skw2qwc30ad5la-git-2.52.0-doc"
            }
          ],
          "store_path": "/nix/store/1xy62wrp3m91snd3cazxgg0yrplb6sav-git-2.52.0"
        },
        "aarch64-linux": {
          "outputs": [
            {
              "name": "out",
              "path": "/nix/store/mfbr42w740arf759n51nhki221lang5z-git-2.52.0",
              "default": true
            },
            {
              "name": "doc",
              "path": "/nix/store/lm1plgvh8qlv0amm8wiz8l00ky298hws-git-2.52.0-doc"
            },
            {
              "name": "debug",
              "path": "/nix/store/q0lq2fczq1y9q9028k4ripf38mfy3n42-git-2.52.0-debug"
            }
          ],
          "store_path": "/nix/store/mfbr42w740arf759n51nhki221lang5z-git-2.52.0"
        },
        "x86_64-darwin": {
          "outputs": [
            {
              "name": "out",
              "path": "/nix/store/0lxp1s4hb0xb0di1a5jg08rr8hk0cvz8-git-2.52.0",
              "default": true
            },
            {
              "name": "doc",
              "path": "/nix/store/a9903b6q3clvx61l8drkpr262fb5qmik-git-2.52.0-doc"
            }
          ],
          "store_path": "/nix/store/0lxp1s4hb0xb0di1a5jg08rr8hk0cvz8-git-2.52.0"
        },
        "x86_64-linux": {
          "outputs": [
            {
              "name": "out",
              "path": "/nix/store/fryiyyhhilpqhx2wc4b6l5gnxc8w18rg-git-2.52.0",
              "default": true
            },
            {
              "name": "debug",
              "path": "/nix/store/q6m51s4q8kddlh9b9rb63v1yqvlv3xgp-git-2.52.0-debug"
            },
            {
              "name": "doc",
              "path": "/nix/store/n4zq81winwf8d5y2ra7fjznwl6cnhggz-git-2.52.0-doc"
            }
          ],
          "store_path": "/nix/store/fryiyyhhilpqhx2wc4b6l5gnxc8w18rg-git-2.52.0"
        }
      }
    },
    "github:NixOS/nixpkgs/nixpkgs-unstable": {
      "last_modified": "2026-01-13T11:13:53Z",
      "resolved": "github:NixOS/nixpkgs/61db79b0c6b838d9894923920b612048e1201926?lastModified=1768302833"
    },
    "gnused@latest": {
      "last_modified": "2025-12-31T03:27:36Z",
      "resolved": "github:NixOS/nixpkgs/f665af0cdb70ed27e1bd8f9fdfecaf451260fc55#gnused",
      "source": "devbox-search",
      "version": "4.9",
      "systems": {
        "aarch64-darwin": {
          "outputs": [
            {
              "name": "out",
              "path": "/nix/store/cqpmyipcm6s84na6fkvkzknmz87igljr-gnused-4.9",
              "default": true
            },
            {
              "name": "info",
              "path": "/nix/store/4ik55c6ljw6npnw8ps53g4bh9qxj2x91-gnused-4.9-info"
            }
          ],
          "store_path": "/nix/store/cqpmyipcm6s84na6fkvkzknmz87igljr-gnused-4.9"
        },
        "aarch64-linux": {
          "outputs": [
            {
              "name": "out",
              "path": "/nix/store/8zwvb1qn84dzl6z798qqsrqpbf0yk1xr-gnused-4.9",
              "default": true
            },
            {
              "name": "info",
              "path": "/nix/store/hg1hd8vw28m1nyh0wwci2i8r0l20kmrw-gnused-4.9-info"
            }
          ],
          "store_path": "/nix/store/8zwvb1qn84dzl6z798qqsrqpbf0yk1xr-gnused-4.9"
        },
        "x86_64-darwin": {
          "outputs": [
            {
              "name": "out",
              "path": "/nix/store/qshl63p0yj07ship0cf454jyyhqx5h5w-gnused-4.9",
              "default": true
            },
            {
              "name": "info",
              "path": "/nix/store/8p83dgb6jkk1cgw6vaf4saj4f0jyjzfh-gnused-4.9-info"
            }
          ],
          "store_path": "/nix/store/qshl63p0yj07ship0cf454jyyhqx5h5w-gnused-4.9"
        },
        "x86_64-linux": {
          "outputs": [
            {
              "name": "out",
              "path": "/nix/store/k06ssckzrzn9jjvvs4n62m6567zmbx6x-gnused-4.9",
              "default": true
            },
            {
              "name": "info",
              "path": "/nix/store/6hvzyw5x9250nzi9116wgdrl4nbryv44-gnused-4.9-info"
            }
          ],
          "store_path": "/nix/store/k06ssckzrzn9jjvvs4n62m6567zmbx6x-gnused-4.9"
        }
      }
    },
    "go-task@latest": {
      "last_modified": "2025-12-31T03:27:36Z",
      "resolved": "github:NixOS/nixpkgs/f665af0cdb70ed27e1bd8f9fdfecaf451260fc55#go-task",
      "source": "devbox-search",
      "version": "3.45.5",
      "systems": {
        "aarch64-darwin": {
          "outputs": [
            {
              "name": "out",
              "path": "/nix/store/9ybcllfqylj7a7w42kiw9vqwd941s5lw-go-task-3.45.5",
              "default": true
            }
          ],
          "store_path": "/nix/store/9ybcllfqylj7a7w42kiw9vqwd941s5lw-go-task-3.45.5"
        },
        "aarch64-linux": {
          "outputs": [
            {
              "name": "out",
              "path": "/nix/store/xiyrhd65ya9ynf3mrvb9kfg00x7nf1m6-go-task-3.45.5",
              "default": true
            }
          ],
          "store_path": "/nix/store/xiyrhd65ya9ynf3mrvb9kfg00x7nf1m6-go-task-3.45.5"
        },
        "x86_64-darwin": {
          "outputs": [
            {
              "name": "out",
              "path": "/nix/store/znxnsk6k9ar637pi2dimrxmijqq0lf0b-go-task-3.45.5",
              "default": true
            }
          ],
          "store_path": "/nix/store/znxnsk6k9ar637pi2dimrxmijqq0lf0b-go-task-3.45.5"
        },
        "x86_64-linux": {
          "outputs": [
            {
              "name": "out",
              "path": "/nix/store/w2hq0and0k2v1l4fbfsa6r4sadvixhsg-go-task-3.45.5",
              "default": true
            }
          ],
          "store_path": "/nix/store/w2hq0and0k2v1l4fbfsa6r4sadvixhsg-go-task-3.45.5"
        }
      }
    },
    "go@1.23": {
      "last_modified": "2025-08-08T08:05:48Z",
      "resolved": "github:NixOS/nixpkgs/a3f3e3f2c983e957af6b07a1db98bafd1f87b7a1#go_1_23",
      "source": "devbox-search",
      "version": "1.23.12",
      "systems": {
        "aarch64-darwin": {
          "outputs": [
            {
              "name": "out",
              "path": "/nix/store/ls7j3c95gdy2s5zzlzy751zgly53gs4c-go-1.23.12",
              "default": true
            }
          ],
          "store_path": "/nix/store/ls7j3c95gdy2s5zzlzy751zgly53gs4c-go-1.23.12"
        },
        "aarch64-linux": {
          "outputs": [
            {
              "name": "out",
              "path": "/nix/store/482v99lr94jxbx0c44dyydhxjhzs8na1-go-1.23.12",
              "default": true
            }
          ],
          "store_path": "/nix/store/482v99lr94jxbx0c44dyydhxjhzs8na1-go-1.23.12"
        },
        "x86_64-darwin": {
          "outputs": [
            {
              "name": "out",
              "path": "/nix/store/4xnvg72xnfsyrm426wn91rb594s507ja-go-1.23.12",
              "default": true
            }
          ],
          "store_path": "/nix/store/4xnvg72xnfsyrm426wn91rb594s507ja-go-1.23.12"
        },
        "x86_64-linux": {
          "outputs": [
            {
              "name": "out",
              "path": "/nix/store/nmmw1c5mwf7mzlbk5rnpm1gxvzh6jjw4-go-1.23.12",
              "default": true
            }
          ],
          "store_path": "/nix/store/nmmw1c5mwf7mzlbk5rnpm1gxvzh6jjw4-go-1.23.12"
        }
      }
    },
    "gum@latest": {
      "last_modified": "2025-12-31T03:27:36Z",
      "resolved": "github:NixOS/nixpkgs/f665af0cdb70ed27e1bd8f9fdfecaf451260fc55#gum",
      "source": "devbox-search",
      "version": "0.17.0",
      "systems": {
        "aarch64-darwin": {
          "outputs": [
            {
              "name": "out",
              "path": "/nix/store/gx1mhqsn2gkl36vj9nvlcbqdgakfyfjh-gum-0.17.0",
              "default": true
            }
          ],
          "store_path": "/nix/store/gx1mhqsn2gkl36vj9nvlcbqdgakfyfjh-gum-0.17.0"
        },
        "aarch64-linux": {
          "outputs": [
            {
              "name": "out",
              "path": "/nix/store/km8b8hxkbbc01r80wamr61icrqnpb9ra-gum-0.17.0",
              "default": true
            }
          ],
          "store_path": "/nix/store/km8b8hxkbbc01r80wamr61icrqnpb9ra-gum-0.17.0"
        },
        "x86_64-darwin": {
          "outputs": [
            {
              "name": "out",
              "path": "/nix/store/xwnx26y0zmikfdz7szfmlkimswyqrp92-gum-0.17.0",
              "default": true
            }
          ],
          "store_path": "/nix/store/xwnx26y0zmikfdz7szfmlkimswyqrp92-gum-0.17.0"
        },
        "x86_64-linux": {
          "outputs": [
            {
              "name": "out",
              "path": "/nix/store/ppakdx7303zppgivbdbp5zjck3iz6g7z-gum-0.17.0",
              "default": true
            }
          ],
          "store_path": "/nix/store/ppakdx7303zppgivbdbp5zjck3iz6g7z-gum-0.17.0"
        }
      }
    },
    "jq@latest": {
      "last_modified": "2026-01-02T14:39:32Z",
      "resolved": "github:NixOS/nixpkgs/16c7794d0a28b5a37904d55bcca36003b9109aaa#jq",
      "source": "devbox-search",
      "version": "1.8.1",
      "systems": {
        "aarch64-darwin": {
          "outputs": [
            {
              "name": "bin",
              "path": "/nix/store/9rm6fm3zq1jq8rgsx528cw8wkmfya2gf-jq-1.8.1-bin",
              "default": true
            },
            {
              "name": "man",
              "path": "/nix/store/cv999saj62xhq7xv5i7q6944vljykfmw-jq-1.8.1-man",
              "default": true
            },
            {
              "name": "out",
              "path": "/nix/store/g371yvjasdr552v98p5kav7n35s1dfib-jq-1.8.1"
            },
            {
              "name": "dev",
              "path": "/nix/store/5camppj4hz2mgkdbxs0kr6nvh6qa65wf-jq-1.8.1-dev"
            },
            {
              "name": "doc",
              "path": "/nix/store/lak094rhhxlaj1qycadmxyfphgjadj5r-jq-1.8.1-doc"
            }
          ],
          "store_path": "/nix/store/9rm6fm3zq1jq8rgsx528cw8wkmfya2gf-jq-1.8.1-bin"
        },
        "aarch64-linux": {
          "outputs": [
            {
              "name": "bin",
              "path": "/nix/store/m8qv4g54q3jmjb8i33v9lljcwhydx2vd-jq-1.8.1-bin",
              "default": true
            },
            {
              "name": "man",
              "path": "/nix/store/9x2457g76jikfy7xq4mjqwzl8iz3zvxj-jq-1.8.1-man",
              "default": true
            },
            {
              "name": "out",
              "path": "/nix/store/16lg603jzppwjanlakcak1ais69mkd03-jq-1.8.1"
            },
            {
              "name": "dev",
              "path": "/nix/store/5ykn83b3hhvnnq0p5vqgcrzihrl9wpsl-jq-1.8.1-dev"
            },
            {
              "name": "doc",
              "path": "/nix/store/37ypy1595g6rj3cymh1mpk2b25fx40g7-jq-1.8.1-doc"
            }
          ],
          "store_path": "/nix/store/m8qv4g54q3jmjb8i33v9lljcwhydx2vd-jq-1.8.1-bin"
        },
        "x86_64-darwin": {
          "outputs": [
            {
              "name": "bin",
              "path": "/nix/store/kkb17whpkdrmn9g3gk7y6l69vipxsw0i-jq-1.8.1-bin",
              "default": true
            },
            {
              "name": "man",
              "path": "/nix/store/iwr61wi83kflqvz8j5nf7ridaqq6nh2w-jq-1.8.1-man",
              "default": true
            },
            {
              "name": "out",
              "path": "/nix/store/ri930a557685c64bdh88a5031i7hx3vy-jq-1.8.1"
            },
            {
              "name": "dev",
              "path": "/nix/store/lypnqs272644l8ff6wfji9rg5jw10v7h-jq-1.8.1-dev"
            },
            {
              "name": "doc",
              "path": "/nix/store/nyw97c4pywfcqqap5hyk9xjghczlbshl-jq-1.8.1-doc"
            }
          ],
          "store_path": "/nix/store/kkb17whpkdrmn9g3gk7y6l69vipxsw0i-jq-1.8.1-bin"
        },
        "x86_64-linux": {
          "outputs": [
            {
              "name": "bin",
              "path": "/nix/store/zssasryipb2x4gk2ahzacl4mvvcmk48j-jq-1.8.1-bin",
              "default": true
            },
            {
              "name": "man",
              "path": "/nix/store/7d4pv1iymyqk2lykwj1ydml3rjhc6gl3-jq-1.8.1-man",
              "default": true
            },
            {
              "name": "out",
              "path": "/nix/store/807g765zgpmp1c8fm5y40rw2gbr1k6dk-jq-1.8.1"
            },
            {
              "name": "dev",
              "path": "/nix/store/rmxxm5jnxq93kvkhbr2b3hzj6v3ldp8z-jq-1.8.1-dev"
            },
            {
              "name": "doc",
              "path": "/nix/store/mkhfvc69grlky3iblibkw9wcc12jcdqq-jq-1.8.1-doc"
            }
          ],
          "store_path": "/nix/store/zssasryipb2x4gk2ahzacl4mvvcmk48j-jq-1.8.1-bin"
        }
      }
    },
    "kluctl@latest": {
      "last_modified": "2025-12-31T03:27:36Z",
      "resolved": "github:NixOS/nixpkgs/f665af0cdb70ed27e1bd8f9fdfecaf451260fc55#kluctl",
      "source": "devbox-search",
      "version": "2.27.0",
      "systems": {
        "aarch64-darwin": {
          "outputs": [
            {
              "name": "out",
              "path": "/nix/store/md89i2ln55y22r61y77m2mig3l2i8cq9-kluctl-2.27.0",
              "default": true
            }
          ],
          "store_path": "/nix/store/md89i2ln55y22r61y77m2mig3l2i8cq9-kluctl-2.27.0"
        },
        "aarch64-linux": {
          "outputs": [
            {
              "name": "out",
              "path": "/nix/store/k16dhwf1z4dqy1avl6q1xvwi20g13ki3-kluctl-2.27.0",
              "default": true
            }
          ],
          "store_path": "/nix/store/k16dhwf1z4dqy1avl6q1xvwi20g13ki3-kluctl-2.27.0"
        },
        "x86_64-darwin": {
          "outputs": [
            {
              "name": "out",
              "path": "/nix/store/958dvvw8mkj9spsfr51q984iqzcrwyzn-kluctl-2.27.0",
              "default": true
            }
          ],
          "store_path": "/nix/store/958dvvw8mkj9spsfr51q984iqzcrwyzn-kluctl-2.27.0"
        },
        "x86_64-linux": {
          "outputs": [
            {
              "name": "out",
              "path": "/nix/store/k4vkb4a9q7qp66d5grii3jz19jmmq44j-kluctl-2.27.0",
              "default": true
            }
          ],
          "store_path": "/nix/store/k4vkb4a9q7qp66d5grii3jz19jmmq44j-kluctl-2.27.0"
        }
      }
    },
    "ko@latest": {
      "last_modified": "2025-12-31T03:27:36Z",
      "resolved": "github:NixOS/nixpkgs/f665af0cdb70ed27e1bd8f9fdfecaf451260fc55#ko",
      "source": "devbox-search",
      "version": "0.18.1",
      "systems": {
        "aarch64-darwin": {
          "outputs": [
            {
              "name": "out",
              "path": "/nix/store/d444v84hmgrlrxh4hi6zxl3x3x9l6fw2-ko-0.18.1",
              "default": true
            }
          ],
          "store_path": "/nix/store/d444v84hmgrlrxh4hi6zxl3x3x9l6fw2-ko-0.18.1"
        },
        "aarch64-linux": {
          "outputs": [
            {
              "name": "out",
              "path": "/nix/store/qqg1ng7a1cvg9k7a0v6yh8m8n0qjf39y-ko-0.18.1",
              "default": true
            }
          ],
          "store_path": "/nix/store/qqg1ng7a1cvg9k7a0v6yh8m8n0qjf39y-ko-0.18.1"
        },
        "x86_64-darwin": {
          "outputs": [
            {
              "name": "out",
              "path": "/nix/store/8wh7f7pg3a6znb1swhwvzn6sa4ji9rar-ko-0.18.1",
              "default": true
            }
          ],
          "store_path": "/nix/store/8wh7f7pg3a6znb1swhwvzn6sa4ji9rar-ko-0.18.1"
        },
        "x86_64-linux": {
          "outputs": [
            {
              "name": "out",
              "path": "/nix/store/3p9rymqwllima7phsq59iia3bkqr6j84-ko-0.18.1",
              "default": true
            }
          ],
          "store_path": "/nix/store/3p9rymqwllima7phsq59iia3bkqr6j84-ko-0.18.1"
        }
      }
    },
    "kubectl@latest": {
      "last_modified": "2025-12-31T03:27:36Z",
      "resolved": "github:NixOS/nixpkgs/f665af0cdb70ed27e1bd8f9fdfecaf451260fc55#kubectl",
      "source": "devbox-search",
      "version": "1.34.3",
      "systems": {
        "aarch64-darwin": {
          "outputs": [
            {
              "name": "out",
              "path": "/nix/store/c71lz1967mm66c9g3app5c6kqlbk61g0-kubectl-1.34.3",
              "default": true
            },
            {
              "name": "man",
              "path": "/nix/store/fcnijkgxaj8lyf5mw984gf2nby5ak327-kubectl-1.34.3-man",
              "default": true
            },
            {
              "name": "convert",
              "path": "/nix/store/szh8dvly7l0d0zi9zzhi564lnpg1r3sv-kubectl-1.34.3-convert"
            }
          ],
          "store_path": "/nix/store/c71lz1967mm66c9g3app5c6kqlbk61g0-kubectl-1.34.3"
        },
        "aarch64-linux": {
          "outputs": [
            {
              "name": "out",
              "path": "/nix/store/6xpr560plpxxm3p6l82maidzcyai81qa-kubectl-1.34.3",
              "default": true
            },
            {
              "name": "man",
              "path": "/nix/store/171yi490kpxvb28zbyj0ackl7f00r89r-kubectl-1.34.3-man",
              "default": true
            },
            {
              "name": "convert",
              "path": "/nix/store/qb261vfrjghmgk7jfqrfbl237s4r1nz8-kubectl-1.34.3-convert"
            }
          ],
          "store_path": "/nix/store/6xpr560plpxxm3p6l82maidzcyai81qa-kubectl-1.34.3"
        },
        "x86_64-darwin": {
          "outputs": [
            {
              "name": "out",
              "path": "/nix/store/fgg8vgqk6a8bxqf1pd7nqvdihmdaxvww-kubectl-1.34.3",
              "default": true
            },
            {
              "name": "man",
              "path": "/nix/store/9lkn22v4rz5k410kx4d8ari4i0chbqcv-kubectl-1.34.3-man",
              "default": true
            },
            {
              "name": "convert",
              "path": "/nix/store/z440qi75bbvlc9f8b5811wjnw28m5p8c-kubectl-1.34.3-convert"
            }
          ],
          "store_path": "/nix/store/fgg8vgqk6a8bxqf1pd7nqvdihmdaxvww-kubectl-1.34.3"
        },
        "x86_64-linux": {
          "outputs": [
            {
              "name": "out",
              "path": "/nix/store/1ricrs8fhz0xijgqz7v81wjy8xc1249q-kubectl-1.34.3",
              "default": true
            },
            {
              "name": "man",
              "path": "/nix/store/pxidw0l09lrlca2hn5b0jfqsz5935dkp-kubectl-1.34.3-man",
              "default": true
            },
            {
              "name": "convert",
              "path": "/nix/store/d2s64m9ag9bdsml0wbmlx9g55kk39hp4-kubectl-1.34.3-convert"
            }
          ],
          "store_path": "/nix/store/1ricrs8fhz0xijgqz7v81wjy8xc1249q-kubectl-1.34.3"
        }
      }
    },
    "kubectx@latest": {
      "last_modified": "2025-12-31T03:27:36Z",
      "resolved": "github:NixOS/nixpkgs/f665af0cdb70ed27e1bd8f9fdfecaf451260fc55#kubectx",
      "source": "devbox-search",
      "version": "0.9.5",
      "systems": {
        "aarch64-darwin": {
          "outputs": [
            {
              "name": "out",
              "path": "/nix/store/rswzwxmz4mjcgnnl1gx4wahhy6v5f2h0-kubectx-0.9.5",
              "default": true
            }
          ],
          "store_path": "/nix/store/rswzwxmz4mjcgnnl1gx4wahhy6v5f2h0-kubectx-0.9.5"
        },
        "aarch64-linux": {
          "outputs": [
            {
              "name": "out",
              "path": "/nix/store/dczil2qyhh8byqkj9hybly6kcwfkkzx5-kubectx-0.9.5",
              "default": true
            }
          ],
          "store_path": "/nix/store/dczil2qyhh8byqkj9hybly6kcwfkkzx5-kubectx-0.9.5"
        },
        "x86_64-darwin": {
          "outputs": [
            {
              "name": "out",
              "path": "/nix/store/7hhmv3vxlpi1ffl3l5psmq1mw633v1q1-kubectx-0.9.5",
              "default": true
            }
          ],
          "store_path": "/nix/store/7hhmv3vxlpi1ffl3l5psmq1mw633v1q1-kubectx-0.9.5"
        },
        "x86_64-linux": {
          "outputs": [
            {
              "name": "out",
              "path": "/nix/store/xsg88zhwaxrsg8gd8h9dbnwi512bpy6d-kubectx-0.9.5",
              "default": true
            }
          ],
          "store_path": "/nix/store/xsg88zhwaxrsg8gd8h9dbnwi512bpy6d-kubectx-0.9.5"
        }
      }
    },
    "kubernetes-helm@latest": {
      "last_modified": "2025-12-31T03:27:36Z",
      "resolved": "github:NixOS/nixpkgs/f665af0cdb70ed27e1bd8f9fdfecaf451260fc55#kubernetes-helm",
      "source": "devbox-search",
      "version": "3.19.1",
      "systems": {
        "aarch64-darwin": {
          "outputs": [
            {
              "name": "out",
              "path": "/nix/store/8p5hwk87jkd26w6lmj7ma0f5qdi9i7fb-kubernetes-helm-3.19.1",
              "default": true
            }
          ],
          "store_path": "/nix/store/8p5hwk87jkd26w6lmj7ma0f5qdi9i7fb-kubernetes-helm-3.19.1"
        },
        "aarch64-linux": {
          "outputs": [
            {
              "name": "out",
              "path": "/nix/store/z773dqh5w017a1c6jhzlqcnq6ivwwjz9-kubernetes-helm-3.19.1",
              "default": true
            }
          ],
          "store_path": "/nix/store/z773dqh5w017a1c6jhzlqcnq6ivwwjz9-kubernetes-helm-3.19.1"
        },
        "x86_64-darwin": {
          "outputs": [
            {
              "name": "out",
              "path": "/nix/store/m5wzcpj7yfdkv9za53d2hv81m3zxy745-kubernetes-helm-3.19.1",
              "default": true
            }
          ],
          "store_path": "/nix/store/m5wzcpj7yfdkv9za53d2hv81m3zxy745-kubernetes-helm-3.19.1"
        },
        "x86_64-linux": {
          "outputs": [
            {
              "name": "out",
              "path": "/nix/store/rv448bzmz78z9vqvgy92428ybjp0nxzi-kubernetes-helm-3.19.1",
              "default": true
            }
          ],
          "store_path": "/nix/store/rv448bzmz78z9vqvgy92428ybjp0nxzi-kubernetes-helm-3.19.1"
        }
      }
    },
    "kustomize@latest": {
      "last_modified": "2025-12-31T03:27:36Z",
      "resolved": "github:NixOS/nixpkgs/f665af0cdb70ed27e1bd8f9fdfecaf451260fc55#kustomize",
      "source": "devbox-search",
      "version": "5.8.0",
      "systems": {
        "aarch64-darwin": {
          "outputs": [
            {
              "name": "out",
              "path": "/nix/store/jcqyp4f8zplmxd92l314s297l7l4c19f-kustomize-5.8.0",
              "default": true
            }
          ],
          "store_path": "/nix/store/jcqyp4f8zplmxd92l314s297l7l4c19f-kustomize-5.8.0"
        },
        "aarch64-linux": {
          "outputs": [
            {
              "name": "out",
              "path": "/nix/store/9a2q5imfn988k1sr1l6cbgq9dl2xgn77-kustomize-5.8.0",
              "default": true
            }
          ],
          "store_path": "/nix/store/9a2q5imfn988k1sr1l6cbgq9dl2xgn77-kustomize-5.8.0"
        },
        "x86_64-darwin": {
          "outputs": [
            {
              "name": "out",
              "path": "/nix/store/p5686rpiz61vqxzi0q45fd7d2f2fky8h-kustomize-5.8.0",
              "default": true
            }
          ],
          "store_path": "/nix/store/p5686rpiz61vqxzi0q45fd7d2f2fky8h-kustomize-5.8.0"
        },
        "x86_64-linux": {
          "outputs": [
            {
              "name": "out",
              "path": "/nix/store/1bbqy1cdpiq2ypq3w2gvbaih80sm5h5j-kustomize-5.8.0",
              "default": true
            }
          ],
          "store_path": "/nix/store/1bbqy1cdpiq2ypq3w2gvbaih80sm5h5j-kustomize-5.8.0"
        }
      }
    },
    "namespace-cli@latest": {
      "last_modified": "2025-12-31T03:27:36Z",
      "resolved": "github:NixOS/nixpkgs/f665af0cdb70ed27e1bd8f9fdfecaf451260fc55#namespace-cli",
      "source": "devbox-search",
      "version": "0.0.456",
      "systems": {
        "aarch64-darwin": {
          "outputs": [
            {
              "name": "out",
              "path": "/nix/store/n9wavfgqmsn7xqmxxsn5vw814y5fif10-namespace-cli-0.0.456",
              "default": true
            }
          ],
          "store_path": "/nix/store/n9wavfgqmsn7xqmxxsn5vw814y5fif10-namespace-cli-0.0.456"
        },
        "aarch64-linux": {
          "outputs": [
            {
              "name": "out",
              "path": "/nix/store/vvwa38m7cvv65pxbbrc08509lcpyf6s4-namespace-cli-0.0.456",
              "default": true
            }
          ],
          "store_path": "/nix/store/vvwa38m7cvv65pxbbrc08509lcpyf6s4-namespace-cli-0.0.456"
        },
        "x86_64-darwin": {
          "outputs": [
            {
              "name": "out",
              "path": "/nix/store/nsmzp74nirgig8xmqv9cjfhbm7z2jl6n-namespace-cli-0.0.456",
              "default": true
            }
          ],
          "store_path": "/nix/store/nsmzp74nirgig8xmqv9cjfhbm7z2jl6n-namespace-cli-0.0.456"
        },
        "x86_64-linux": {
          "outputs": [
            {
              "name": "out",
              "path": "/nix/store/dgx57zm8wvhfqi5hk9rasxai9kamlqi2-namespace-cli-0.0.456",
              "default": true
            }
          ],
          "store_path": "/nix/store/dgx57zm8wvhfqi5hk9rasxai9kamlqi2-namespace-cli-0.0.456"
        }
      }
    },
    "nodejs_20@latest": {
      "last_modified": "2026-01-01T13:17:10Z",
      "plugin_version": "0.0.2",
      "resolved": "github:NixOS/nixpkgs/76eec3925eb9bbe193934987d3285473dbcfad50#nodejs_20",
      "source": "devbox-search",
      "version": "20.19.6",
      "systems": {
        "aarch64-darwin": {
          "outputs": [
            {
              "name": "out",
              "path": "/nix/store/4zsj5qcmdgbs33fcgzm6v2h4bv4zz7p4-nodejs-20.19.6",
              "default": true
            },
            {
              "name": "dev",
              "path": "/nix/store/2v5451xillx5693ncd73hnky5y9g1kn4-nodejs-20.19.6-dev"
            },
            {
              "name": "libv8",
              "path": "/nix/store/halb86z5220y48903xzixz2l5xbri7mv-nodejs-20.19.6-libv8"
            }
          ],
          "store_path": "/nix/store/4zsj5qcmdgbs33fcgzm6v2h4bv4zz7p4-nodejs-20.19.6"
        },
        "aarch64-linux": {
          "outputs": [
            {
              "name": "out",
              "path": "/nix/store/20pydyi9r2xag15xh4hc04fh3qrm8qgf-nodejs-20.19.6",
              "default": true
            },
            {
              "name": "dev",
              "path": "/nix/store/5321ixqgg0vmsyjwhs6gfn3q7kyjh8hf-nodejs-20.19.6-dev"
            },
            {
              "name": "libv8",
              "path": "/nix/store/yl32anby0d6hcx0mgq30aqg6hggyalqs-nodejs-20.19.6-libv8"
            }
          ],
          "store_path": "/nix/store/20pydyi9r2xag15xh4hc04fh3qrm8qgf-nodejs-20.19.6"
        },
        "x86_64-darwin": {
          "outputs": [
            {
              "name": "out",
              "path": "/nix/store/wnvypvf376m0nrh3krh3mdkv6597lkj0-nodejs-20.19.6",
              "default": true
            },
            {
              "name": "dev",
              "path": "/nix/store/43vxm8baj1gz2cflnc84j8glqp02mp07-nodejs-20.19.6-dev"
            },
            {
              "name": "libv8",
              "path": "/nix/store/3infmvi63w1cbm3i0gayqdrmwgvxdcwb-nodejs-20.19.6-libv8"
            }
          ],
          "store_path": "/nix/store/wnvypvf376m0nrh3krh3mdkv6597lkj0-nodejs-20.19.6"
        },
        "x86_64-linux": {
          "outputs": [
            {
              "name": "out",
              "path": "/nix/store/5d8li5z6br157w3rckhbnjvq7iwlwj8p-nodejs-20.19.6",
              "default": true
            },
            {
              "name": "dev",
              "path": "/nix/store/rg3i4b51n02rq3i79fnr80nv67xrlhd9-nodejs-20.19.6-dev"
            },
            {
              "name": "libv8",
              "path": "/nix/store/x2v14n3gnin44vjd8yh8i29m9mnr9r05-nodejs-20.19.6-libv8"
            }
          ],
          "store_path": "/nix/store/5d8li5z6br157w3rckhbnjvq7iwlwj8p-nodejs-20.19.6"
        }
      }
    },
    "poetry@latest": {
      "last_modified": "2025-12-31T03:27:36Z",
      "plugin_version": "0.0.4",
      "resolved": "github:NixOS/nixpkgs/f665af0cdb70ed27e1bd8f9fdfecaf451260fc55#poetry",
      "source": "devbox-search",
      "version": "2.2.1",
      "systems": {
        "aarch64-darwin": {
          "outputs": [
            {
              "name": "out",
              "path": "/nix/store/czkrcyxq9285ii9j2ahagxg6x049wqjb-python3.13-poetry-2.2.1",
              "default": true
            },
            {
              "name": "dist",
              "path": "/nix/store/q0icc1bnh7qy1ywi9f49c8mh5g2lkwgb-python3.13-poetry-2.2.1-dist"
            }
          ],
          "store_path": "/nix/store/czkrcyxq9285ii9j2ahagxg6x049wqjb-python3.13-poetry-2.2.1"
        },
        "aarch64-linux": {
          "outputs": [
            {
              "name": "out",
              "path": "/nix/store/42si93fxws7dg20rayh5sdycqjqn6g7g-python3.13-poetry-2.2.1",
              "default": true
            },
            {
              "name": "dist",
              "path": "/nix/store/nmh6qykak71cbhdfr9qmihd8spda3iwg-python3.13-poetry-2.2.1-dist"
            }
          ],
          "store_path": "/nix/store/42si93fxws7dg20rayh5sdycqjqn6g7g-python3.13-poetry-2.2.1"
        },
        "x86_64-darwin": {
          "outputs": [
            {
              "name": "out",
              "path": "/nix/store/y6jwin79znv2mym3m3jqv23xp17vw54l-python3.13-poetry-2.2.1",
              "default": true
            },
            {
              "name": "dist",
              "path": "/nix/store/zb471nlmcj5y6rxw7nfziysgyb590nd9-python3.13-poetry-2.2.1-dist"
            }
          ],
          "store_path": "/nix/store/y6jwin79znv2mym3m3jqv23xp17vw54l-python3.13-poetry-2.2.1"
        },
        "x86_64-linux": {
          "outputs": [
            {
              "name": "out",
              "path": "/nix/store/xm0knwxqsr2fl1sm2l50n889k7j2d74a-python3.13-poetry-2.2.1",
              "default": true
            },
            {
              "name": "dist",
              "path": "/nix/store/ydsaivzv9wbv9xv9cby9f3mrmms9ridc-python3.13-poetry-2.2.1-dist"
            }
          ],
          "store_path": "/nix/store/xm0knwxqsr2fl1sm2l50n889k7j2d74a-python3.13-poetry-2.2.1"
        }
      }
    },
    "python312@latest": {
      "last_modified": "2025-12-31T03:27:36Z",
      "plugin_version": "0.0.4",
      "resolved": "github:NixOS/nixpkgs/f665af0cdb70ed27e1bd8f9fdfecaf451260fc55#python312",
      "source": "devbox-search",
      "version": "3.12.12",
      "systems": {
        "aarch64-darwin": {
          "outputs": [
            {
              "name": "out",
              "path": "/nix/store/bzy1s8kfnz8hsc96ji7pwn0377wwsgw5-python3-3.12.12",
              "default": true
            }
          ],
          "store_path": "/nix/store/bzy1s8kfnz8hsc96ji7pwn0377wwsgw5-python3-3.12.12"
        },
        "aarch64-linux": {
          "outputs": [
            {
              "name": "out",
              "path": "/nix/store/wh5w9bgdwkfwamk5vs9pq36ncqj1rhwq-python3-3.12.12",
              "default": true
            },
            {
              "name": "debug",
              "path": "/nix/store/nqi4qn3skyrn8pbfzszcc622ms7arbcp-python3-3.12.12-debug"
            }
          ],
          "store_path": "/nix/store/wh5w9bgdwkfwamk5vs9pq36ncqj1rhwq-python3-3.12.12"
        },
        "x86_64-darwin": {
          "outputs": [
            {
              "name": "out",
              "path": "/nix/store/izh5ff9bjyz5sr7siaypz3333rfzifz0-python3-3.12.12",
              "default": true
            }
          ],
          "store_path": "/nix/store/izh5ff9bjyz5sr7siaypz3333rfzifz0-python3-3.12.12"
        },
        "x86_64-linux": {
          "outputs": [
            {
              "name": "out",
              "path": "/nix/store/iizfzmqjdfvbyx82gqw92glb5zl6m4my-python3-3.12.12",
              "default": true
            },
            {
              "name": "debug",
              "path": "/nix/store/czxfvqyngv5zg2l2ylcgbby5r51w7z2w-python3-3.12.12-debug"
            }
          ],
          "store_path": "/nix/store/iizfzmqjdfvbyx82gqw92glb5zl6m4my-python3-3.12.12"
        }
      }
    },
    "yq-go@latest": {
      "last_modified": "2025-12-31T03:27:36Z",
      "resolved": "github:NixOS/nixpkgs/f665af0cdb70ed27e1bd8f9fdfecaf451260fc55#yq-go",
      "source": "devbox-search",
      "version": "4.50.1",
      "systems": {
        "aarch64-darwin": {
          "outputs": [
            {
              "name": "out",
              "path": "/nix/store/ihnllpwbhrpj6wfgmx4cqhv5qjm117fa-yq-go-4.50.1",
              "default": true
            }
          ],
          "store_path": "/nix/store/ihnllpwbhrpj6wfgmx4cqhv5qjm117fa-yq-go-4.50.1"
        },
        "aarch64-linux": {
          "outputs": [
            {
              "name": "out",
              "path": "/nix/store/n9qa1n3chinld0an3mghq2fiwg341csq-yq-go-4.50.1",
              "default": true
            }
          ],
          "store_path": "/nix/store/n9qa1n3chinld0an3mghq2fiwg341csq-yq-go-4.50.1"
        },
        "x86_64-darwin": {
          "outputs": [
            {
              "name": "out",
              "path": "/nix/store/i37722ivy7914srsrm3j1r8h7z9jlck4-yq-go-4.50.1",
              "default": true
            }
          ],
          "store_path": "/nix/store/i37722ivy7914srsrm3j1r8h7z9jlck4-yq-go-4.50.1"
        },
        "x86_64-linux": {
          "outputs": [
            {
              "name": "out",
              "path": "/nix/store/6wrfpk1d0y0dzdpsbac6kvph9gya1n64-yq-go-4.50.1",
              "default": true
            }
          ],
          "store_path": "/nix/store/6wrfpk1d0y0dzdpsbac6kvph9gya1n64-yq-go-4.50.1"
        }
      }
    }
  }
}
